// !$*UTF8*$!
{
	archiveVersion = 1;
	classes = {
	};
	objectVersion = 50;
	objects = {

/* Begin PBXBuildFile section */
		A84A654925FEEDAC00E227B8 /* AppDelegate.swift in Sources */ = {isa = PBXBuildFile; fileRef = A84A654825FEEDAC00E227B8 /* AppDelegate.swift */; };
		A84A654B25FEEDAC00E227B8 /* ContentView.swift in Sources */ = {isa = PBXBuildFile; fileRef = A84A654A25FEEDAC00E227B8 /* ContentView.swift */; };
		A84A654D25FEEDAC00E227B8 /* Experience.rcproject in Sources */ = {isa = PBXBuildFile; fileRef = A84A654C25FEEDAC00E227B8 /* Experience.rcproject */; };
		A84A654F25FEEDAE00E227B8 /* Assets.xcassets in Resources */ = {isa = PBXBuildFile; fileRef = A84A654E25FEEDAE00E227B8 /* Assets.xcassets */; };
		A84A655225FEEDAE00E227B8 /* Preview Assets.xcassets in Resources */ = {isa = PBXBuildFile; fileRef = A84A655125FEEDAE00E227B8 /* Preview Assets.xcassets */; };
		A84A655525FEEDAE00E227B8 /* LaunchScreen.storyboard in Resources */ = {isa = PBXBuildFile; fileRef = A84A655325FEEDAE00E227B8 /* LaunchScreen.storyboard */; };
		A8C09288260141630084CAAA /* ARDelegateHandler.swift in Sources */ = {isa = PBXBuildFile; fileRef = A8C09287260141630084CAAA /* ARDelegateHandler.swift */; };
/* End PBXBuildFile section */

/* Begin PBXFileReference section */
		A84A654525FEEDAC00E227B8 /* ARFunnyFace.app */ = {isa = PBXFileReference; explicitFileType = wrapper.application; includeInIndex = 0; path = ARFunnyFace.app; sourceTree = BUILT_PRODUCTS_DIR; };
		A84A654825FEEDAC00E227B8 /* AppDelegate.swift */ = {isa = PBXFileReference; lastKnownFileType = sourcecode.swift; path = AppDelegate.swift; sourceTree = "<group>"; };
		A84A654A25FEEDAC00E227B8 /* ContentView.swift */ = {isa = PBXFileReference; lastKnownFileType = sourcecode.swift; path = ContentView.swift; sourceTree = "<group>"; };
		A84A654C25FEEDAC00E227B8 /* Experience.rcproject */ = {isa = PBXFileReference; lastKnownFileType = file.rcproject; path = Experience.rcproject; sourceTree = "<group>"; };
		A84A654E25FEEDAE00E227B8 /* Assets.xcassets */ = {isa = PBXFileReference; lastKnownFileType = folder.assetcatalog; path = Assets.xcassets; sourceTree = "<group>"; };
		A84A655125FEEDAE00E227B8 /* Preview Assets.xcassets */ = {isa = PBXFileReference; lastKnownFileType = folder.assetcatalog; path = "Preview Assets.xcassets"; sourceTree = "<group>"; };
		A84A655425FEEDAE00E227B8 /* Base */ = {isa = PBXFileReference; lastKnownFileType = file.storyboard; name = Base; path = Base.lproj/LaunchScreen.storyboard; sourceTree = "<group>"; };
		A84A655625FEEDAE00E227B8 /* Info.plist */ = {isa = PBXFileReference; lastKnownFileType = text.plist.xml; path = Info.plist; sourceTree = "<group>"; };
		A8C09287260141630084CAAA /* ARDelegateHandler.swift */ = {isa = PBXFileReference; lastKnownFileType = sourcecode.swift; path = ARDelegateHandler.swift; sourceTree = "<group>"; };
/* End PBXFileReference section */

/* Begin PBXFrameworksBuildPhase section */
		A84A654225FEEDAC00E227B8 /* Frameworks */ = {
			isa = PBXFrameworksBuildPhase;
			buildActionMask = 2147483647;
			files = (
			);
			runOnlyForDeploymentPostprocessing = 0;
		};
/* End PBXFrameworksBuildPhase section */

/* Begin PBXGroup section */
		A84A653C25FEEDAC00E227B8 = {
			isa = PBXGroup;
			children = (
				A84A654725FEEDAC00E227B8 /* ARFunnyFace */,
				A84A654625FEEDAC00E227B8 /* Products */,
			);
			sourceTree = "<group>";
		};
		A84A654625FEEDAC00E227B8 /* Products */ = {
			isa = PBXGroup;
			children = (
				A84A654525FEEDAC00E227B8 /* ARFunnyFace.app */,
			);
			name = Products;
			sourceTree = "<group>";
		};
		A84A654725FEEDAC00E227B8 /* ARFunnyFace */ = {
			isa = PBXGroup;
			children = (
				A84A654825FEEDAC00E227B8 /* AppDelegate.swift */,
				A84A654A25FEEDAC00E227B8 /* ContentView.swift */,
				A84A654C25FEEDAC00E227B8 /* Experience.rcproject */,
				A84A654E25FEEDAE00E227B8 /* Assets.xcassets */,
				A84A655325FEEDAE00E227B8 /* LaunchScreen.storyboard */,
				A84A655625FEEDAE00E227B8 /* Info.plist */,
				A84A655025FEEDAE00E227B8 /* Preview Content */,
				A8C09287260141630084CAAA /* ARDelegateHandler.swift */,
			);
			path = ARFunnyFace;
			sourceTree = "<group>";
		};
		A84A655025FEEDAE00E227B8 /* Preview Content */ = {
			isa = PBXGroup;
			children = (
				A84A655125FEEDAE00E227B8 /* Preview Assets.xcassets */,
			);
			path = "Preview Content";
			sourceTree = "<group>";
		};
/* End PBXGroup section */

/* Begin PBXNativeTarget section */
		A84A654425FEEDAC00E227B8 /* ARFunnyFace */ = {
			isa = PBXNativeTarget;
			buildConfigurationList = A84A655925FEEDAE00E227B8 /* Build configuration list for PBXNativeTarget "ARFunnyFace" */;
			buildPhases = (
				A84A654125FEEDAC00E227B8 /* Sources */,
				A84A654225FEEDAC00E227B8 /* Frameworks */,
				A84A654325FEEDAC00E227B8 /* Resources */,
			);
			buildRules = (
			);
			dependencies = (
			);
			name = ARFunnyFace;
			productName = ARFunnyFace;
			productReference = A84A654525FEEDAC00E227B8 /* ARFunnyFace.app */;
			productType = "com.apple.product-type.application";
		};
/* End PBXNativeTarget section */

/* Begin PBXProject section */
		A84A653D25FEEDAC00E227B8 /* Project object */ = {
			isa = PBXProject;
			attributes = {
				LastSwiftUpdateCheck = 1240;
				LastUpgradeCheck = 1240;
				TargetAttributes = {
					A84A654425FEEDAC00E227B8 = {
						CreatedOnToolsVersion = 12.4;
					};
				};
			};
			buildConfigurationList = A84A654025FEEDAC00E227B8 /* Build configuration list for PBXProject "ARFunnyFace" */;
			compatibilityVersion = "Xcode 9.3";
			developmentRegion = en;
			hasScannedForEncodings = 0;
			knownRegions = (
				en,
				Base,
			);
			mainGroup = A84A653C25FEEDAC00E227B8;
			productRefGroup = A84A654625FEEDAC00E227B8 /* Products */;
			projectDirPath = "";
			projectRoot = "";
			targets = (
				A84A654425FEEDAC00E227B8 /* ARFunnyFace */,
			);
		};
/* End PBXProject section */

/* Begin PBXResourcesBuildPhase section */
		A84A654325FEEDAC00E227B8 /* Resources */ = {
			isa = PBXResourcesBuildPhase;
			buildActionMask = 2147483647;
			files = (
				A84A655525FEEDAE00E227B8 /* LaunchScreen.storyboard in Resources */,
				A84A655225FEEDAE00E227B8 /* Preview Assets.xcassets in Resources */,
				A84A654F25FEEDAE00E227B8 /* Assets.xcassets in Resources */,
			);
			runOnlyForDeploymentPostprocessing = 0;
		};
/* End PBXResourcesBuildPhase section */

/* Begin PBXSourcesBuildPhase section */
		A84A654125FEEDAC00E227B8 /* Sources */ = {
			isa = PBXSourcesBuildPhase;
			buildActionMask = 2147483647;
			files = (
				A84A654B25FEEDAC00E227B8 /* ContentView.swift in Sources */,
				A84A654925FEEDAC00E227B8 /* AppDelegate.swift in Sources */,
				A8C09288260141630084CAAA /* ARDelegateHandler.swift in Sources */,
				A84A654D25FEEDAC00E227B8 /* Experience.rcproject in Sources */,
			);
			runOnlyForDeploymentPostprocessing = 0;
		};
/* End PBXSourcesBuildPhase section */

/* Begin PBXVariantGroup section */
		A84A655325FEEDAE00E227B8 /* LaunchScreen.storyboard */ = {
			isa = PBXVariantGroup;
			children = (
				A84A655425FEEDAE00E227B8 /* Base */,
			);
			name = LaunchScreen.storyboard;
			sourceTree = "<group>";
		};
/* End PBXVariantGroup section */

/* Begin XCBuildConfiguration section */
		A84A655725FEEDAE00E227B8 /* Debug */ = {
			isa = XCBuildConfiguration;
			buildSettings = {
				ALWAYS_SEARCH_USER_PATHS = NO;
				CLANG_ANALYZER_NONNULL = YES;
				CLANG_ANALYZER_NUMBER_OBJECT_CONVERSION = YES_AGGRESSIVE;
				CLANG_CXX_LANGUAGE_STANDARD = "gnu++14";
				CLANG_CXX_LIBRARY = "libc++";
				CLANG_ENABLE_MODULES = YES;
				CLANG_ENABLE_OBJC_ARC = YES;
				CLANG_ENABLE_OBJC_WEAK = YES;
				CLANG_WARN_BLOCK_CAPTURE_AUTORELEASING = YES;
				CLANG_WARN_BOOL_CONVERSION = YES;
				CLANG_WARN_COMMA = YES;
				CLANG_WARN_CONSTANT_CONVERSION = YES;
				CLANG_WARN_DEPRECATED_OBJC_IMPLEMENTATIONS = YES;
				CLANG_WARN_DIRECT_OBJC_ISA_USAGE = YES_ERROR;
				CLANG_WARN_DOCUMENTATION_COMMENTS = YES;
				CLANG_WARN_EMPTY_BODY = YES;
				CLANG_WARN_ENUM_CONVERSION = YES;
				CLANG_WARN_INFINITE_RECURSION = YES;
				CLANG_WARN_INT_CONVERSION = YES;
				CLANG_WARN_NON_LITERAL_NULL_CONVERSION = YES;
				CLANG_WARN_OBJC_IMPLICIT_RETAIN_SELF = YES;
				CLANG_WARN_OBJC_LITERAL_CONVERSION = YES;
				CLANG_WARN_OBJC_ROOT_CLASS = YES_ERROR;
				CLANG_WARN_QUOTED_INCLUDE_IN_FRAMEWORK_HEADER = YES;
				CLANG_WARN_RANGE_LOOP_ANALYSIS = YES;
				CLANG_WARN_STRICT_PROTOTYPES = YES;
				CLANG_WARN_SUSPICIOUS_MOVE = YES;
				CLANG_WARN_UNGUARDED_AVAILABILITY = YES_AGGRESSIVE;
				CLANG_WARN_UNREACHABLE_CODE = YES;
				CLANG_WARN__DUPLICATE_METHOD_MATCH = YES;
				COPY_PHASE_STRIP = NO;
				DEBUG_INFORMATION_FORMAT = dwarf;
				ENABLE_STRICT_OBJC_MSGSEND = YES;
				ENABLE_TESTABILITY = YES;
				GCC_C_LANGUAGE_STANDARD = gnu11;
				GCC_DYNAMIC_NO_PIC = NO;
				GCC_NO_COMMON_BLOCKS = YES;
				GCC_OPTIMIZATION_LEVEL = 0;
				GCC_PREPROCESSOR_DEFINITIONS = (
					"DEBUG=1",
					"$(inherited)",
				);
				GCC_WARN_64_TO_32_BIT_CONVERSION = YES;
				GCC_WARN_ABOUT_RETURN_TYPE = YES_ERROR;
				GCC_WARN_UNDECLARED_SELECTOR = YES;
				GCC_WARN_UNINITIALIZED_AUTOS = YES_AGGRESSIVE;
				GCC_WARN_UNUSED_FUNCTION = YES;
				GCC_WARN_UNUSED_VARIABLE = YES;
				IPHONEOS_DEPLOYMENT_TARGET = 14.4;
				MTL_ENABLE_DEBUG_INFO = INCLUDE_SOURCE;
				MTL_FAST_MATH = YES;
				ONLY_ACTIVE_ARCH = YES;
				SDKROOT = iphoneos;
				SWIFT_ACTIVE_COMPILATION_CONDITIONS = DEBUG;
				SWIFT_OPTIMIZATION_LEVEL = "-Onone";
			};
			name = Debug;
		};
		A84A655825FEEDAE00E227B8 /* Release */ = {
			isa = XCBuildConfiguration;
			buildSettings = {
				ALWAYS_SEARCH_USER_PATHS = NO;
				CLANG_ANALYZER_NONNULL = YES;
				CLANG_ANALYZER_NUMBER_OBJECT_CONVERSION = YES_AGGRESSIVE;
				CLANG_CXX_LANGUAGE_STANDARD = "gnu++14";
				CLANG_CXX_LIBRARY = "libc++";
				CLANG_ENABLE_MODULES = YES;
				CLANG_ENABLE_OBJC_ARC = YES;
				CLANG_ENABLE_OBJC_WEAK = YES;
				CLANG_WARN_BLOCK_CAPTURE_AUTORELEASING = YES;
				CLANG_WARN_BOOL_CONVERSION = YES;
				CLANG_WARN_COMMA = YES;
				CLANG_WARN_CONSTANT_CONVERSION = YES;
				CLANG_WARN_DEPRECATED_OBJC_IMPLEMENTATIONS = YES;
				CLANG_WARN_DIRECT_OBJC_ISA_USAGE = YES_ERROR;
				CLANG_WARN_DOCUMENTATION_COMMENTS = YES;
				CLANG_WARN_EMPTY_BODY = YES;
				CLANG_WARN_ENUM_CONVERSION = YES;
				CLANG_WARN_INFINITE_RECURSION = YES;
				CLANG_WARN_INT_CONVERSION = YES;
				CLANG_WARN_NON_LITERAL_NULL_CONVERSION = YES;
				CLANG_WARN_OBJC_IMPLICIT_RETAIN_SELF = YES;
				CLANG_WARN_OBJC_LITERAL_CONVERSION = YES;
				CLANG_WARN_OBJC_ROOT_CLASS = YES_ERROR;
				CLANG_WARN_QUOTED_INCLUDE_IN_FRAMEWORK_HEADER = YES;
				CLANG_WARN_RANGE_LOOP_ANALYSIS = YES;
				CLANG_WARN_STRICT_PROTOTYPES = YES;
				CLANG_WARN_SUSPICIOUS_MOVE = YES;
				CLANG_WARN_UNGUARDED_AVAILABILITY = YES_AGGRESSIVE;
				CLANG_WARN_UNREACHABLE_CODE = YES;
				CLANG_WARN__DUPLICATE_METHOD_MATCH = YES;
				COPY_PHASE_STRIP = NO;
				DEBUG_INFORMATION_FORMAT = "dwarf-with-dsym";
				ENABLE_NS_ASSERTIONS = NO;
				ENABLE_STRICT_OBJC_MSGSEND = YES;
				GCC_C_LANGUAGE_STANDARD = gnu11;
				GCC_NO_COMMON_BLOCKS = YES;
				GCC_WARN_64_TO_32_BIT_CONVERSION = YES;
				GCC_WARN_ABOUT_RETURN_TYPE = YES_ERROR;
				GCC_WARN_UNDECLARED_SELECTOR = YES;
				GCC_WARN_UNINITIALIZED_AUTOS = YES_AGGRESSIVE;
				GCC_WARN_UNUSED_FUNCTION = YES;
				GCC_WARN_UNUSED_VARIABLE = YES;
				IPHONEOS_DEPLOYMENT_TARGET = 14.4;
				MTL_ENABLE_DEBUG_INFO = NO;
				MTL_FAST_MATH = YES;
				SDKROOT = iphoneos;
				SWIFT_COMPILATION_MODE = wholemodule;
				SWIFT_OPTIMIZATION_LEVEL = "-O";
				VALIDATE_PRODUCT = YES;
			};
			name = Release;
		};
		A84A655A25FEEDAE00E227B8 /* Debug */ = {
			isa = XCBuildConfiguration;
			buildSettings = {
				ASSETCATALOG_COMPILER_APPICON_NAME = AppIcon;
				ASSETCATALOG_COMPILER_GLOBAL_ACCENT_COLOR_NAME = AccentColor;
				CODE_SIGN_STYLE = Automatic;
				DEVELOPMENT_ASSET_PATHS = "\"ARFunnyFace/Preview Content\"";
				DEVELOPMENT_TEAM = 5Z6M6KC5SH;
				ENABLE_PREVIEWS = YES;
				INFOPLIST_FILE = ARFunnyFace/Info.plist;
				LD_RUNPATH_SEARCH_PATHS = (
					"$(inherited)",
					"@executable_path/Frameworks",
				);
				PRODUCT_BUNDLE_IDENTIFIER = com.carloshperc.ARFunnyFace;
				PRODUCT_NAME = "$(TARGET_NAME)";
				SWIFT_VERSION = 5.0;
				TARGETED_DEVICE_FAMILY = "1,2";
			};
			name = Debug;
		};
		A84A655B25FEEDAE00E227B8 /* Release */ = {
			isa = XCBuildConfiguration;
			buildSettings = {
				ASSETCATALOG_COMPILER_APPICON_NAME = AppIcon;
				ASSETCATALOG_COMPILER_GLOBAL_ACCENT_COLOR_NAME = AccentColor;
				CODE_SIGN_STYLE = Automatic;
				DEVELOPMENT_ASSET_PATHS = "\"ARFunnyFace/Preview Content\"";
				DEVELOPMENT_TEAM = 5Z6M6KC5SH;
				ENABLE_PREVIEWS = YES;
				INFOPLIST_FILE = ARFunnyFace/Info.plist;
				LD_RUNPATH_SEARCH_PATHS = (
					"$(inherited)",
					"@executable_path/Frameworks",
				);
				PRODUCT_BUNDLE_IDENTIFIER = com.carloshperc.ARFunnyFace;
				PRODUCT_NAME = "$(TARGET_NAME)";
				SWIFT_VERSION = 5.0;
				TARGETED_DEVICE_FAMILY = "1,2";
			};
			name = Release;
		};
/* End XCBuildConfiguration section */

/* Begin XCConfigurationList section */
		A84A654025FEEDAC00E227B8 /* Build configuration list for PBXProject "ARFunnyFace" */ = {
			isa = XCConfigurationList;
			buildConfigurations = (
				A84A655725FEEDAE00E227B8 /* Debug */,
				A84A655825FEEDAE00E227B8 /* Release */,
			);
			defaultConfigurationIsVisible = 0;
			defaultConfigurationName = Release;
		};
		A84A655925FEEDAE00E227B8 /* Build configuration list for PBXNativeTarget "ARFunnyFace" */ = {
			isa = XCConfigurationList;
			buildConfigurations = (
				A84A655A25FEEDAE00E227B8 /* Debug */,
				A84A655B25FEEDAE00E227B8 /* Release */,
			);
			defaultConfigurationIsVisible = 0;
			defaultConfigurationName = Release;
		};
/* End XCConfigurationList section */
	};
	rootObject = A84A653D25FEEDAC00E227B8 /* Project object */;
}
